
Microsoft Visual Studio Solution File, Format Version 12.00
# Visual Studio Version 16
VisualStudioVersion = 16.0.29123.88
MinimumVisualStudioVersion = 10.0.40219.1
Project("{FAE04EC0-301F-11D3-BF4B-00C04F79EFBC}") = "MoldovaDentAPI", "MoldovaDentAPI\MoldovaDentAPI.csproj", "{BB782E9D-91E2-42DA-990B-493746321BB9}"
EndProject
Global
	GlobalSection(SolutionConfigurationPlatforms) = preSolution
		Debug|Any CPU = Debug|Any CPU
		Release|Any CPU = Release|Any CPU
	EndGlobalSection
	GlobalSection(ProjectConfigurationPlatforms) = postSolution
		{BB782E9D-91E2-42DA-990B-493746321BB9}.Debug|Any CPU.ActiveCfg = Debug|Any CPU
		{BB782E9D-91E2-42DA-990B-493746321BB9}.Debug|Any CPU.Build.0 = Debug|Any CPU
		{BB782E9D-91E2-42DA-990B-493746321BB9}.Release|Any CPU.ActiveCfg = Release|Any CPU
		{BB782E9D-91E2-42DA-990B-493746321BB9}.Release|Any CPU.Build.0 = Release|Any CPU
	EndGlobalSection
	GlobalSection(SolutionProperties) = preSolution
		HideSolutionNode = FALSE
	EndGlobalSection
	GlobalSection(ExtensibilityGlobals) = postSolution
		SolutionGuid = {EC752A6E-600E-4BD4-93C8-4ADDAED9BCF2}
	EndGlobalSection
EndGlobal
